
Microsoft Visual Studio Solution File, Format Version 10.00
# Visual Studio 2008
Project("{FAE04EC0-301F-11D3-BF4B-00C04F79EFBC}") = "markArea", "markArea\markArea.csproj", "{51619DEC-9DE3-4143-BBD6-ED9F8097C4E1}"
EndProject
Global
	GlobalSection(SolutionConfigurationPlatforms) = preSolution
		Debug|Any CPU = Debug|Any CPU
		Release|Any CPU = Release|Any CPU
	EndGlobalSection
	GlobalSection(ProjectConfigurationPlatforms) = postSolution
		{51619DEC-9DE3-4143-BBD6-ED9F8097C4E1}.Debug|Any CPU.ActiveCfg = Debug|Any CPU
		{51619DEC-9DE3-4143-BBD6-ED9F8097C4E1}.Debug|Any CPU.Build.0 = Debug|Any CPU
		{51619DEC-9DE3-4143-BBD6-ED9F8097C4E1}.Release|Any CPU.ActiveCfg = Release|Any CPU
		{51619DEC-9DE3-4143-BBD6-ED9F8097C4E1}.Release|Any CPU.Build.0 = Release|Any CPU
	EndGlobalSection
	GlobalSection(SolutionProperties) = preSolution
		HideSolutionNode = FALSE
	EndGlobalSection
EndGlobal
